// !$*UTF8*$!
{
	archiveVersion = 1;
	classes = {
	};
	objectVersion = 50;
	objects = {

/* Begin PBXBuildFile section */
		B01098632A1AA6B100ACD2F1 /* AppDelegate.swift in Sources */ = {isa = PBXBuildFile; fileRef = B01098622A1AA6B100ACD2F1 /* AppDelegate.swift */; };
		B01098652A1AA6B100ACD2F1 /* SceneDelegate.swift in Sources */ = {isa = PBXBuildFile; fileRef = B01098642A1AA6B100ACD2F1 /* SceneDelegate.swift */; };
		B01098672A1AA6B100ACD2F1 /* ViewController.swift in Sources */ = {isa = PBXBuildFile; fileRef = B01098662A1AA6B100ACD2F1 /* ViewController.swift */; };
		B010986A2A1AA6B100ACD2F1 /* Main.storyboard in Resources */ = {isa = PBXBuildFile; fileRef = B01098682A1AA6B100ACD2F1 /* Main.storyboard */; };
		B010986C2A1AA6B200ACD2F1 /* Assets.xcassets in Resources */ = {isa = PBXBuildFile; fileRef = B010986B2A1AA6B200ACD2F1 /* Assets.xcassets */; };
		B010986F2A1AA6B200ACD2F1 /* LaunchScreen.storyboard in Resources */ = {isa = PBXBuildFile; fileRef = B010986D2A1AA6B200ACD2F1 /* LaunchScreen.storyboard */; };
		B010987A2A1AA6B200ACD2F1 /* new_projectTests.swift in Sources */ = {isa = PBXBuildFile; fileRef = B01098792A1AA6B200ACD2F1 /* new_projectTests.swift */; };
		B01098852A1AA6B200ACD2F1 /* new_projectUITests.swift in Sources */ = {isa = PBXBuildFile; fileRef = B01098842A1AA6B200ACD2F1 /* new_projectUITests.swift */; };
/* End PBXBuildFile section */

/* Begin PBXContainerItemProxy section */
		B01098762A1AA6B200ACD2F1 /* PBXContainerItemProxy */ = {
			isa = PBXContainerItemProxy;
			containerPortal = B01098572A1AA6B100ACD2F1 /* Project object */;
			proxyType = 1;
			remoteGlobalIDString = B010985E2A1AA6B100ACD2F1;
			remoteInfo = "new-project";
		};
		B01098812A1AA6B200ACD2F1 /* PBXContainerItemProxy */ = {
			isa = PBXContainerItemProxy;
			containerPortal = B01098572A1AA6B100ACD2F1 /* Project object */;
			proxyType = 1;
			remoteGlobalIDString = B010985E2A1AA6B100ACD2F1;
			remoteInfo = "new-project";
		};
/* End PBXContainerItemProxy section */

/* Begin PBXFileReference section */
		B010985F2A1AA6B100ACD2F1 /* new-project.app */ = {isa = PBXFileReference; explicitFileType = wrapper.application; includeInIndex = 0; path = "new-project.app"; sourceTree = BUILT_PRODUCTS_DIR; };
		B01098622A1AA6B100ACD2F1 /* AppDelegate.swift */ = {isa = PBXFileReference; lastKnownFileType = sourcecode.swift; path = AppDelegate.swift; sourceTree = "<group>"; };
		B01098642A1AA6B100ACD2F1 /* SceneDelegate.swift */ = {isa = PBXFileReference; lastKnownFileType = sourcecode.swift; path = SceneDelegate.swift; sourceTree = "<group>"; };
		B01098662A1AA6B100ACD2F1 /* ViewController.swift */ = {isa = PBXFileReference; lastKnownFileType = sourcecode.swift; path = ViewController.swift; sourceTree = "<group>"; };
		B01098692A1AA6B100ACD2F1 /* Base */ = {isa = PBXFileReference; lastKnownFileType = file.storyboard; name = Base; path = Base.lproj/Main.storyboard; sourceTree = "<group>"; };
		B010986B2A1AA6B200ACD2F1 /* Assets.xcassets */ = {isa = PBXFileReference; lastKnownFileType = folder.assetcatalog; path = Assets.xcassets; sourceTree = "<group>"; };
		B010986E2A1AA6B200ACD2F1 /* Base */ = {isa = PBXFileReference; lastKnownFileType = file.storyboard; name = Base; path = Base.lproj/LaunchScreen.storyboard; sourceTree = "<group>"; };
		B01098702A1AA6B200ACD2F1 /* Info.plist */ = {isa = PBXFileReference; lastKnownFileType = text.plist.xml; path = Info.plist; sourceTree = "<group>"; };
		B01098752A1AA6B200ACD2F1 /* new-projectTests.xctest */ = {isa = PBXFileReference; explicitFileType = wrapper.cfbundle; includeInIndex = 0; path = "new-projectTests.xctest"; sourceTree = BUILT_PRODUCTS_DIR; };
		B01098792A1AA6B200ACD2F1 /* new_projectTests.swift */ = {isa = PBXFileReference; lastKnownFileType = sourcecode.swift; path = new_projectTests.swift; sourceTree = "<group>"; };
		B010987B2A1AA6B200ACD2F1 /* Info.plist */ = {isa = PBXFileReference; lastKnownFileType = text.plist.xml; path = Info.plist; sourceTree = "<group>"; };
		B01098802A1AA6B200ACD2F1 /* new-projectUITests.xctest */ = {isa = PBXFileReference; explicitFileType = wrapper.cfbundle; includeInIndex = 0; path = "new-projectUITests.xctest"; sourceTree = BUILT_PRODUCTS_DIR; };
		B01098842A1AA6B200ACD2F1 /* new_projectUITests.swift */ = {isa = PBXFileReference; lastKnownFileType = sourcecode.swift; path = new_projectUITests.swift; sourceTree = "<group>"; };
		B01098862A1AA6B200ACD2F1 /* Info.plist */ = {isa = PBXFileReference; lastKnownFileType = text.plist.xml; path = Info.plist; sourceTree = "<group>"; };
/* End PBXFileReference section */

/* Begin PBXFrameworksBuildPhase section */
		B010985C2A1AA6B100ACD2F1 /* Frameworks */ = {
			isa = PBXFrameworksBuildPhase;
			buildActionMask = 2147483647;
			files = (
			);
			runOnlyForDeploymentPostprocessing = 0;
		};
		B01098722A1AA6B200ACD2F1 /* Frameworks */ = {
			isa = PBXFrameworksBuildPhase;
			buildActionMask = 2147483647;
			files = (
			);
			runOnlyForDeploymentPostprocessing = 0;
		};
		B010987D2A1AA6B200ACD2F1 /* Frameworks */ = {
			isa = PBXFrameworksBuildPhase;
			buildActionMask = 2147483647;
			files = (
			);
			runOnlyForDeploymentPostprocessing = 0;
		};
/* End PBXFrameworksBuildPhase section */

/* Begin PBXGroup section */
		B01098562A1AA6B100ACD2F1 = {
			isa = PBXGroup;
			children = (
				B01098612A1AA6B100ACD2F1 /* new-project */,
				B01098782A1AA6B200ACD2F1 /* new-projectTests */,
				B01098832A1AA6B200ACD2F1 /* new-projectUITests */,
				B01098602A1AA6B100ACD2F1 /* Products */,
			);
			sourceTree = "<group>";
		};
		B01098602A1AA6B100ACD2F1 /* Products */ = {
			isa = PBXGroup;
			children = (
				B010985F2A1AA6B100ACD2F1 /* new-project.app */,
				B01098752A1AA6B200ACD2F1 /* new-projectTests.xctest */,
				B01098802A1AA6B200ACD2F1 /* new-projectUITests.xctest */,
			);
			name = Products;
			sourceTree = "<group>";
		};
		B01098612A1AA6B100ACD2F1 /* new-project */ = {
			isa = PBXGroup;
			children = (
				B01098622A1AA6B100ACD2F1 /* AppDelegate.swift */,
				B01098642A1AA6B100ACD2F1 /* SceneDelegate.swift */,
				B01098662A1AA6B100ACD2F1 /* ViewController.swift */,
				B01098682A1AA6B100ACD2F1 /* Main.storyboard */,
				B010986B2A1AA6B200ACD2F1 /* Assets.xcassets */,
				B010986D2A1AA6B200ACD2F1 /* LaunchScreen.storyboard */,
				B01098702A1AA6B200ACD2F1 /* Info.plist */,
			);
			path = "new-project";
			sourceTree = "<group>";
		};
		B01098782A1AA6B200ACD2F1 /* new-projectTests */ = {
			isa = PBXGroup;
			children = (
				B01098792A1AA6B200ACD2F1 /* new_projectTests.swift */,
				B010987B2A1AA6B200ACD2F1 /* Info.plist */,
			);
			path = "new-projectTests";
			sourceTree = "<group>";
		};
		B01098832A1AA6B200ACD2F1 /* new-projectUITests */ = {
			isa = PBXGroup;
			children = (
				B01098842A1AA6B200ACD2F1 /* new_projectUITests.swift */,
				B01098862A1AA6B200ACD2F1 /* Info.plist */,
			);
			path = "new-projectUITests";
			sourceTree = "<group>";
		};
/* End PBXGroup section */

/* Begin PBXNativeTarget section */
		B010985E2A1AA6B100ACD2F1 /* new-project */ = {
			isa = PBXNativeTarget;
			buildConfigurationList = B01098892A1AA6B200ACD2F1 /* Build configuration list for PBXNativeTarget "new-project" */;
			buildPhases = (
				B010985B2A1AA6B100ACD2F1 /* Sources */,
				B010985C2A1AA6B100ACD2F1 /* Frameworks */,
				B010985D2A1AA6B100ACD2F1 /* Resources */,
			);
			buildRules = (
			);
			dependencies = (
			);
			name = "new-project";
			productName = "new-project";
			productReference = B010985F2A1AA6B100ACD2F1 /* new-project.app */;
			productType = "com.apple.product-type.application";
		};
		B01098742A1AA6B200ACD2F1 /* new-projectTests */ = {
			isa = PBXNativeTarget;
			buildConfigurationList = B010988C2A1AA6B200ACD2F1 /* Build configuration list for PBXNativeTarget "new-projectTests" */;
			buildPhases = (
				B01098712A1AA6B200ACD2F1 /* Sources */,
				B01098722A1AA6B200ACD2F1 /* Frameworks */,
				B01098732A1AA6B200ACD2F1 /* Resources */,
			);
			buildRules = (
			);
			dependencies = (
				B01098772A1AA6B200ACD2F1 /* PBXTargetDependency */,
			);
			name = "new-projectTests";
			productName = "new-projectTests";
			productReference = B01098752A1AA6B200ACD2F1 /* new-projectTests.xctest */;
			productType = "com.apple.product-type.bundle.unit-test";
		};
		B010987F2A1AA6B200ACD2F1 /* new-projectUITests */ = {
			isa = PBXNativeTarget;
			buildConfigurationList = B010988F2A1AA6B200ACD2F1 /* Build configuration list for PBXNativeTarget "new-projectUITests" */;
			buildPhases = (
				B010987C2A1AA6B200ACD2F1 /* Sources */,
				B010987D2A1AA6B200ACD2F1 /* Frameworks */,
				B010987E2A1AA6B200ACD2F1 /* Resources */,
			);
			buildRules = (
			);
			dependencies = (
				B01098822A1AA6B200ACD2F1 /* PBXTargetDependency */,
			);
			name = "new-projectUITests";
			productName = "new-projectUITests";
			productReference = B01098802A1AA6B200ACD2F1 /* new-projectUITests.xctest */;
			productType = "com.apple.product-type.bundle.ui-testing";
		};
/* End PBXNativeTarget section */

/* Begin PBXProject section */
		B01098572A1AA6B100ACD2F1 /* Project object */ = {
			isa = PBXProject;
			attributes = {
				LastSwiftUpdateCheck = 1240;
				LastUpgradeCheck = 1240;
				TargetAttributes = {
					B010985E2A1AA6B100ACD2F1 = {
						CreatedOnToolsVersion = 12.4;
					};
					B01098742A1AA6B200ACD2F1 = {
						CreatedOnToolsVersion = 12.4;
						TestTargetID = B010985E2A1AA6B100ACD2F1;
					};
					B010987F2A1AA6B200ACD2F1 = {
						CreatedOnToolsVersion = 12.4;
						TestTargetID = B010985E2A1AA6B100ACD2F1;
					};
				};
			};
			buildConfigurationList = B010985A2A1AA6B100ACD2F1 /* Build configuration list for PBXProject "new-project" */;
			compatibilityVersion = "Xcode 9.3";
			developmentRegion = en;
			hasScannedForEncodings = 0;
			knownRegions = (
				en,
				Base,
			);
			mainGroup = B01098562A1AA6B100ACD2F1;
			productRefGroup = B01098602A1AA6B100ACD2F1 /* Products */;
			projectDirPath = "";
			projectRoot = "";
			targets = (
				B010985E2A1AA6B100ACD2F1 /* new-project */,
				B01098742A1AA6B200ACD2F1 /* new-projectTests */,
				B010987F2A1AA6B200ACD2F1 /* new-projectUITests */,
			);
		};
/* End PBXProject section */

/* Begin PBXResourcesBuildPhase section */
		B010985D2A1AA6B100ACD2F1 /* Resources */ = {
			isa = PBXResourcesBuildPhase;
			buildActionMask = 2147483647;
			files = (
				B010986F2A1AA6B200ACD2F1 /* LaunchScreen.storyboard in Resources */,
				B010986C2A1AA6B200ACD2F1 /* Assets.xcassets in Resources */,
				B010986A2A1AA6B100ACD2F1 /* Main.storyboard in Resources */,
			);
			runOnlyForDeploymentPostprocessing = 0;
		};
		B01098732A1AA6B200ACD2F1 /* Resources */ = {
			isa = PBXResourcesBuildPhase;
			buildActionMask = 2147483647;
			files = (
			);
			runOnlyForDeploymentPostprocessing = 0;
		};
		B010987E2A1AA6B200ACD2F1 /* Resources */ = {
			isa = PBXResourcesBuildPhase;
			buildActionMask = 2147483647;
			files = (
			);
			runOnlyForDeploymentPostprocessing = 0;
		};
/* End PBXResourcesBuildPhase section */

/* Begin PBXSourcesBuildPhase section */
		B010985B2A1AA6B100ACD2F1 /* Sources */ = {
			isa = PBXSourcesBuildPhase;
			buildActionMask = 2147483647;
			files = (
				B01098672A1AA6B100ACD2F1 /* ViewController.swift in Sources */,
				B01098632A1AA6B100ACD2F1 /* AppDelegate.swift in Sources */,
				B01098652A1AA6B100ACD2F1 /* SceneDelegate.swift in Sources */,
			);
			runOnlyForDeploymentPostprocessing = 0;
		};
		B01098712A1AA6B200ACD2F1 /* Sources */ = {
			isa = PBXSourcesBuildPhase;
			buildActionMask = 2147483647;
			files = (
				B010987A2A1AA6B200ACD2F1 /* new_projectTests.swift in Sources */,
			);
			runOnlyForDeploymentPostprocessing = 0;
		};
		B010987C2A1AA6B200ACD2F1 /* Sources */ = {
			isa = PBXSourcesBuildPhase;
			buildActionMask = 2147483647;
			files = (
				B01098852A1AA6B200ACD2F1 /* new_projectUITests.swift in Sources */,
			);
			runOnlyForDeploymentPostprocessing = 0;
		};
/* End PBXSourcesBuildPhase section */

/* Begin PBXTargetDependency section */
		B01098772A1AA6B200ACD2F1 /* PBXTargetDependency */ = {
			isa = PBXTargetDependency;
			target = B010985E2A1AA6B100ACD2F1 /* new-project */;
			targetProxy = B01098762A1AA6B200ACD2F1 /* PBXContainerItemProxy */;
		};
		B01098822A1AA6B200ACD2F1 /* PBXTargetDependency */ = {
			isa = PBXTargetDependency;
			target = B010985E2A1AA6B100ACD2F1 /* new-project */;
			targetProxy = B01098812A1AA6B200ACD2F1 /* PBXContainerItemProxy */;
		};
/* End PBXTargetDependency section */

/* Begin PBXVariantGroup section */
		B01098682A1AA6B100ACD2F1 /* Main.storyboard */ = {
			isa = PBXVariantGroup;
			children = (
				B01098692A1AA6B100ACD2F1 /* Base */,
			);
			name = Main.storyboard;
			sourceTree = "<group>";
		};
		B010986D2A1AA6B200ACD2F1 /* LaunchScreen.storyboard */ = {
			isa = PBXVariantGroup;
			children = (
				B010986E2A1AA6B200ACD2F1 /* Base */,
			);
			name = LaunchScreen.storyboard;
			sourceTree = "<group>";
		};
/* End PBXVariantGroup section */

/* Begin XCBuildConfiguration section */
		B01098872A1AA6B200ACD2F1 /* Debug */ = {
			isa = XCBuildConfiguration;
			buildSettings = {
				ALWAYS_SEARCH_USER_PATHS = NO;
				CLANG_ANALYZER_NONNULL = YES;
				CLANG_ANALYZER_NUMBER_OBJECT_CONVERSION = YES_AGGRESSIVE;
				CLANG_CXX_LANGUAGE_STANDARD = "gnu++14";
				CLANG_CXX_LIBRARY = "libc++";
				CLANG_ENABLE_MODULES = YES;
				CLANG_ENABLE_OBJC_ARC = YES;
				CLANG_ENABLE_OBJC_WEAK = YES;
				CLANG_WARN_BLOCK_CAPTURE_AUTORELEASING = YES;
				CLANG_WARN_BOOL_CONVERSION = YES;
				CLANG_WARN_COMMA = YES;
				CLANG_WARN_CONSTANT_CONVERSION = YES;
				CLANG_WARN_DEPRECATED_OBJC_IMPLEMENTATIONS = YES;
				CLANG_WARN_DIRECT_OBJC_ISA_USAGE = YES_ERROR;
				CLANG_WARN_DOCUMENTATION_COMMENTS = YES;
				CLANG_WARN_EMPTY_BODY = YES;
				CLANG_WARN_ENUM_CONVERSION = YES;
				CLANG_WARN_INFINITE_RECURSION = YES;
				CLANG_WARN_INT_CONVERSION = YES;
				CLANG_WARN_NON_LITERAL_NULL_CONVERSION = YES;
				CLANG_WARN_OBJC_IMPLICIT_RETAIN_SELF = YES;
				CLANG_WARN_OBJC_LITERAL_CONVERSION = YES;
				CLANG_WARN_OBJC_ROOT_CLASS = YES_ERROR;
				CLANG_WARN_QUOTED_INCLUDE_IN_FRAMEWORK_HEADER = YES;
				CLANG_WARN_RANGE_LOOP_ANALYSIS = YES;
				CLANG_WARN_STRICT_PROTOTYPES = YES;
				CLANG_WARN_SUSPICIOUS_MOVE = YES;
				CLANG_WARN_UNGUARDED_AVAILABILITY = YES_AGGRESSIVE;
				CLANG_WARN_UNREACHABLE_CODE = YES;
				CLANG_WARN__DUPLICATE_METHOD_MATCH = YES;
				COPY_PHASE_STRIP = NO;
				DEBUG_INFORMATION_FORMAT = dwarf;
				ENABLE_STRICT_OBJC_MSGSEND = YES;
				ENABLE_TESTABILITY = YES;
				GCC_C_LANGUAGE_STANDARD = gnu11;
				GCC_DYNAMIC_NO_PIC = NO;
				GCC_NO_COMMON_BLOCKS = YES;
				GCC_OPTIMIZATION_LEVEL = 0;
				GCC_PREPROCESSOR_DEFINITIONS = (
					"DEBUG=1",
					"$(inherited)",
				);
				GCC_WARN_64_TO_32_BIT_CONVERSION = YES;
				GCC_WARN_ABOUT_RETURN_TYPE = YES_ERROR;
				GCC_WARN_UNDECLARED_SELECTOR = YES;
				GCC_WARN_UNINITIALIZED_AUTOS = YES_AGGRESSIVE;
				GCC_WARN_UNUSED_FUNCTION = YES;
				GCC_WARN_UNUSED_VARIABLE = YES;
				IPHONEOS_DEPLOYMENT_TARGET = 14.4;
				MTL_ENABLE_DEBUG_INFO = INCLUDE_SOURCE;
				MTL_FAST_MATH = YES;
				ONLY_ACTIVE_ARCH = YES;
				SDKROOT = iphoneos;
				SWIFT_ACTIVE_COMPILATION_CONDITIONS = DEBUG;
				SWIFT_OPTIMIZATION_LEVEL = "-Onone";
			};
			name = Debug;
		};
		B01098882A1AA6B200ACD2F1 /* Release */ = {
			isa = XCBuildConfiguration;
			buildSettings = {
				ALWAYS_SEARCH_USER_PATHS = NO;
				CLANG_ANALYZER_NONNULL = YES;
				CLANG_ANALYZER_NUMBER_OBJECT_CONVERSION = YES_AGGRESSIVE;
				CLANG_CXX_LANGUAGE_STANDARD = "gnu++14";
				CLANG_CXX_LIBRARY = "libc++";
				CLANG_ENABLE_MODULES = YES;
				CLANG_ENABLE_OBJC_ARC = YES;
				CLANG_ENABLE_OBJC_WEAK = YES;
				CLANG_WARN_BLOCK_CAPTURE_AUTORELEASING = YES;
				CLANG_WARN_BOOL_CONVERSION = YES;
				CLANG_WARN_COMMA = YES;
				CLANG_WARN_CONSTANT_CONVERSION = YES;
				CLANG_WARN_DEPRECATED_OBJC_IMPLEMENTATIONS = YES;
				CLANG_WARN_DIRECT_OBJC_ISA_USAGE = YES_ERROR;
				CLANG_WARN_DOCUMENTATION_COMMENTS = YES;
				CLANG_WARN_EMPTY_BODY = YES;
				CLANG_WARN_ENUM_CONVERSION = YES;
				CLANG_WARN_INFINITE_RECURSION = YES;
				CLANG_WARN_INT_CONVERSION = YES;
				CLANG_WARN_NON_LITERAL_NULL_CONVERSION = YES;
				CLANG_WARN_OBJC_IMPLICIT_RETAIN_SELF = YES;
				CLANG_WARN_OBJC_LITERAL_CONVERSION = YES;
				CLANG_WARN_OBJC_ROOT_CLASS = YES_ERROR;
				CLANG_WARN_QUOTED_INCLUDE_IN_FRAMEWORK_HEADER = YES;
				CLANG_WARN_RANGE_LOOP_ANALYSIS = YES;
				CLANG_WARN_STRICT_PROTOTYPES = YES;
				CLANG_WARN_SUSPICIOUS_MOVE = YES;
				CLANG_WARN_UNGUARDED_AVAILABILITY = YES_AGGRESSIVE;
				CLANG_WARN_UNREACHABLE_CODE = YES;
				CLANG_WARN__DUPLICATE_METHOD_MATCH = YES;
				COPY_PHASE_STRIP = NO;
				DEBUG_INFORMATION_FORMAT = "dwarf-with-dsym";
				ENABLE_NS_ASSERTIONS = NO;
				ENABLE_STRICT_OBJC_MSGSEND = YES;
				GCC_C_LANGUAGE_STANDARD = gnu11;
				GCC_NO_COMMON_BLOCKS = YES;
				GCC_WARN_64_TO_32_BIT_CONVERSION = YES;
				GCC_WARN_ABOUT_RETURN_TYPE = YES_ERROR;
				GCC_WARN_UNDECLARED_SELECTOR = YES;
				GCC_WARN_UNINITIALIZED_AUTOS = YES_AGGRESSIVE;
				GCC_WARN_UNUSED_FUNCTION = YES;
				GCC_WARN_UNUSED_VARIABLE = YES;
				IPHONEOS_DEPLOYMENT_TARGET = 14.4;
				MTL_ENABLE_DEBUG_INFO = NO;
				MTL_FAST_MATH = YES;
				SDKROOT = iphoneos;
				SWIFT_COMPILATION_MODE = wholemodule;
				SWIFT_OPTIMIZATION_LEVEL = "-O";
				VALIDATE_PRODUCT = YES;
			};
			name = Release;
		};
		B010988A2A1AA6B200ACD2F1 /* Debug */ = {
			isa = XCBuildConfiguration;
			buildSettings = {
				ASSETCATALOG_COMPILER_APPICON_NAME = AppIcon;
				ASSETCATALOG_COMPILER_GLOBAL_ACCENT_COLOR_NAME = AccentColor;
				CODE_SIGN_STYLE = Automatic;
				INFOPLIST_FILE = "new-project/Info.plist";
				LD_RUNPATH_SEARCH_PATHS = (
					"$(inherited)",
					"@executable_path/Frameworks",
				);
				PRODUCT_BUNDLE_IDENTIFIER = "Skillbox.new-project";
				PRODUCT_NAME = "$(TARGET_NAME)";
				SWIFT_VERSION = 5.0;
				TARGETED_DEVICE_FAMILY = "1,2";
			};
			name = Debug;
		};
		B010988B2A1AA6B200ACD2F1 /* Release */ = {
			isa = XCBuildConfiguration;
			buildSettings = {
				ASSETCATALOG_COMPILER_APPICON_NAME = AppIcon;
				ASSETCATALOG_COMPILER_GLOBAL_ACCENT_COLOR_NAME = AccentColor;
				CODE_SIGN_STYLE = Automatic;
				INFOPLIST_FILE = "new-project/Info.plist";
				LD_RUNPATH_SEARCH_PATHS = (
					"$(inherited)",
					"@executable_path/Frameworks",
				);
				PRODUCT_BUNDLE_IDENTIFIER = "Skillbox.new-project";
				PRODUCT_NAME = "$(TARGET_NAME)";
				SWIFT_VERSION = 5.0;
				TARGETED_DEVICE_FAMILY = "1,2";
			};
			name = Release;
		};
		B010988D2A1AA6B200ACD2F1 /* Debug */ = {
			isa = XCBuildConfiguration;
			buildSettings = {
				ALWAYS_EMBED_SWIFT_STANDARD_LIBRARIES = YES;
				BUNDLE_LOADER = "$(TEST_HOST)";
				CODE_SIGN_STYLE = Automatic;
				INFOPLIST_FILE = "new-projectTests/Info.plist";
				IPHONEOS_DEPLOYMENT_TARGET = 14.4;
				LD_RUNPATH_SEARCH_PATHS = (
					"$(inherited)",
					"@executable_path/Frameworks",
					"@loader_path/Frameworks",
				);
				PRODUCT_BUNDLE_IDENTIFIER = "Skillbox.new-projectTests";
				PRODUCT_NAME = "$(TARGET_NAME)";
				SWIFT_VERSION = 5.0;
				TARGETED_DEVICE_FAMILY = "1,2";
				TEST_HOST = "$(BUILT_PRODUCTS_DIR)/new-project.app/new-project";
			};
			name = Debug;
		};
		B010988E2A1AA6B200ACD2F1 /* Release */ = {
			isa = XCBuildConfiguration;
			buildSettings = {
				ALWAYS_EMBED_SWIFT_STANDARD_LIBRARIES = YES;
				BUNDLE_LOADER = "$(TEST_HOST)";
				CODE_SIGN_STYLE = Automatic;
				INFOPLIST_FILE = "new-projectTests/Info.plist";
				IPHONEOS_DEPLOYMENT_TARGET = 14.4;
				LD_RUNPATH_SEARCH_PATHS = (
					"$(inherited)",
					"@executable_path/Frameworks",
					"@loader_path/Frameworks",
				);
				PRODUCT_BUNDLE_IDENTIFIER = "Skillbox.new-projectTests";
				PRODUCT_NAME = "$(TARGET_NAME)";
				SWIFT_VERSION = 5.0;
				TARGETED_DEVICE_FAMILY = "1,2";
				TEST_HOST = "$(BUILT_PRODUCTS_DIR)/new-project.app/new-project";
			};
			name = Release;
		};
		B01098902A1AA6B200ACD2F1 /* Debug */ = {
			isa = XCBuildConfiguration;
			buildSettings = {
				ALWAYS_EMBED_SWIFT_STANDARD_LIBRARIES = YES;
				CODE_SIGN_STYLE = Automatic;
				INFOPLIST_FILE = "new-projectUITests/Info.plist";
				LD_RUNPATH_SEARCH_PATHS = (
					"$(inherited)",
					"@executable_path/Frameworks",
					"@loader_path/Frameworks",
				);
				PRODUCT_BUNDLE_IDENTIFIER = "Skillbox.new-projectUITests";
				PRODUCT_NAME = "$(TARGET_NAME)";
				SWIFT_VERSION = 5.0;
				TARGETED_DEVICE_FAMILY = "1,2";
				TEST_TARGET_NAME = "new-project";
			};
			name = Debug;
		};
		B01098912A1AA6B200ACD2F1 /* Release */ = {
			isa = XCBuildConfiguration;
			buildSettings = {
				ALWAYS_EMBED_SWIFT_STANDARD_LIBRARIES = YES;
				CODE_SIGN_STYLE = Automatic;
				INFOPLIST_FILE = "new-projectUITests/Info.plist";
				LD_RUNPATH_SEARCH_PATHS = (
					"$(inherited)",
					"@executable_path/Frameworks",
					"@loader_path/Frameworks",
				);
				PRODUCT_BUNDLE_IDENTIFIER = "Skillbox.new-projectUITests";
				PRODUCT_NAME = "$(TARGET_NAME)";
				SWIFT_VERSION = 5.0;
				TARGETED_DEVICE_FAMILY = "1,2";
				TEST_TARGET_NAME = "new-project";
			};
			name = Release;
		};
/* End XCBuildConfiguration section */

/* Begin XCConfigurationList section */
		B010985A2A1AA6B100ACD2F1 /* Build configuration list for PBXProject "new-project" */ = {
			isa = XCConfigurationList;
			buildConfigurations = (
				B01098872A1AA6B200ACD2F1 /* Debug */,
				B01098882A1AA6B200ACD2F1 /* Release */,
			);
			defaultConfigurationIsVisible = 0;
			defaultConfigurationName = Release;
		};
		B01098892A1AA6B200ACD2F1 /* Build configuration list for PBXNativeTarget "new-project" */ = {
			isa = XCConfigurationList;
			buildConfigurations = (
				B010988A2A1AA6B200ACD2F1 /* Debug */,
				B010988B2A1AA6B200ACD2F1 /* Release */,
			);
			defaultConfigurationIsVisible = 0;
			defaultConfigurationName = Release;
		};
		B010988C2A1AA6B200ACD2F1 /* Build configuration list for PBXNativeTarget "new-projectTests" */ = {
			isa = XCConfigurationList;
			buildConfigurations = (
				B010988D2A1AA6B200ACD2F1 /* Debug */,
				B010988E2A1AA6B200ACD2F1 /* Release */,
			);
			defaultConfigurationIsVisible = 0;
			defaultConfigurationName = Release;
		};
		B010988F2A1AA6B200ACD2F1 /* Build configuration list for PBXNativeTarget "new-projectUITests" */ = {
			isa = XCConfigurationList;
			buildConfigurations = (
				B01098902A1AA6B200ACD2F1 /* Debug */,
				B01098912A1AA6B200ACD2F1 /* Release */,
			);
			defaultConfigurationIsVisible = 0;
			defaultConfigurationName = Release;
		};
/* End XCConfigurationList section */
	};
	rootObject = B01098572A1AA6B100ACD2F1 /* Project object */;
}
